
Microsoft Visual Studio Solution File, Format Version 12.00
# Visual Studio Version 16
VisualStudioVersion = 16.0.810.12
MinimumVisualStudioVersion = 10.0.40219.1
Project("{FAE04EC0-301F-11D3-BF4B-00C04F79EFBC}") = "Coding_Challenges", "Coding_Challenges\ConsoleApp1\Coding_Challenges.csproj", "{F3E86B6B-117C-4BEB-996C-45BA18D59CB5}"
EndProject
Global
	GlobalSection(SolutionConfigurationPlatforms) = preSolution
		Debug|anycpu = Debug|anycpu
		Release|anycpu = Release|anycpu
	EndGlobalSection
	GlobalSection(ProjectConfigurationPlatforms) = postSolution
		{F3E86B6B-117C-4BEB-996C-45BA18D59CB5}.Debug|anycpu.ActiveCfg = Debug|Any CPU
		{F3E86B6B-117C-4BEB-996C-45BA18D59CB5}.Debug|anycpu.Build.0 = Debug|Any CPU
		{F3E86B6B-117C-4BEB-996C-45BA18D59CB5}.Release|anycpu.ActiveCfg = Release|Any CPU
		{F3E86B6B-117C-4BEB-996C-45BA18D59CB5}.Release|anycpu.Build.0 = Release|Any CPU
	EndGlobalSection
	GlobalSection(SolutionProperties) = preSolution
		HideSolutionNode = FALSE
	EndGlobalSection
	GlobalSection(ExtensibilityGlobals) = postSolution
		SolutionGuid = {D9CDA4B1-9B41-4E34-BC8E-3D3750FEE02B}
	EndGlobalSection
EndGlobal
